
Microsoft Visual Studio Solution File, Format Version 12.00
# Visual Studio Version 17
VisualStudioVersion = 17.4.33122.133
MinimumVisualStudioVersion = 10.0.40219.1
Project("{FAE04EC0-301F-11D3-BF4B-00C04F79EFBC}") = "DynacoopTccAmbiente2.Logistics", "DynacoopTccAmbiente2.Logistics\DynacoopTccAmbiente2.Logistics.csproj", "{309C98CA-4C60-46F1-923D-DD6AE746C01F}"
EndProject
Global
	GlobalSection(SolutionConfigurationPlatforms) = preSolution
		Debug|Any CPU = Debug|Any CPU
		Release|Any CPU = Release|Any CPU
	EndGlobalSection
	GlobalSection(ProjectConfigurationPlatforms) = postSolution
		{309C98CA-4C60-46F1-923D-DD6AE746C01F}.Debug|Any CPU.ActiveCfg = Debug|Any CPU
		{309C98CA-4C60-46F1-923D-DD6AE746C01F}.Debug|Any CPU.Build.0 = Debug|Any CPU
		{309C98CA-4C60-46F1-923D-DD6AE746C01F}.Release|Any CPU.ActiveCfg = Release|Any CPU
		{309C98CA-4C60-46F1-923D-DD6AE746C01F}.Release|Any CPU.Build.0 = Release|Any CPU
	EndGlobalSection
	GlobalSection(SolutionProperties) = preSolution
		HideSolutionNode = FALSE
	EndGlobalSection
	GlobalSection(ExtensibilityGlobals) = postSolution
		SolutionGuid = {62055594-AB26-48DA-90E9-4AF9516D4817}
	EndGlobalSection
EndGlobal
